schema_version: integrated-lock-v1
lock_kind: replay
created_at: 2026-08-02 00:00:00+00:00
source_capture_run_id: capture
source_git_sha: task2-fixture-commit
runtime_allow_live: true
frozen_data:
  manifest:
    path: tests/fixtures/formal_run/inputs/manifest.json
    sha256: sha256:3a92ca6448152e3bc3fed6d35605818a839044f9e5956404a4d5ab7db3327783
  identifier_map:
    path: tests/fixtures/formal_run/inputs/identifier-map.json
    sha256: sha256:420728bdf408ac4607beeb99392c0fe23218a8e4b1681023b6a7d44349e37eb4
  split: dev
  query_count: 2
  partition_sha256: sha256:6c73678500ef2fa972712c9c315d81c1f1a36e0fe1bcb65b879fcb2d6d4adca5
baseline:
  primary_model: qwen3.7-plus
  fallback_model: qwen3.6-flash
  prompt_version: query-analyze-v1
  strategy: fixed-one-round
  planner:
    prompt_config:
      path: configs/prompts/query_analyze.yaml
      sha256: sha256:0000000000000000000000000000000000000000000000000000000000000000
    normal_subqueries_min: 3
    normal_subqueries_max: 5
    configured_subqueries_max: 6
    repair_attempts: 1
    rules_fallback_enabled: true
  retrieval:
    openalex_endpoint: /works
    semantic_scholar_endpoint: /graph/v1/paper/search
    openalex_calls_min: 3
    openalex_calls_max: 6
    semantic_scholar_calls_max: 2
    max_results_per_subquery: 50
    max_raw_candidates: 300
    max_deduplicated_candidates: 200
    max_output_papers: 50
  timeout:
    connect_seconds: 5
    read_seconds: 20
    write_seconds: 20
    pool_seconds: 5
  retry:
    max_attempts: 3
    retryable_statuses:
    - 429
    - 5xx
    retry_timeouts: true
    backoff_rule: min(8,2^retry_index)+jitter[0,1)
  optional_modules:
    embedding: false
    citation_expansion: false
    constraint_reranking: false
    fixed_two_round: false
    adaptive_evolution: false
budget_config:
  path: configs/budget_balanced.yaml
  sha256: sha256:0000000000000000000000000000000000000000000000000000000000000000
pricing_policy:
  path: configs/pricing_v1.yaml
  sha256: sha256:0000000000000000000000000000000000000000000000000000000000000000
quality_gates:
  path: configs/quality_gates_v1.yaml
  sha256: sha256:0e135d194b46de30cd89bdcd4d66ebda0d27f7f01056b4f1ba5b4fed851fb058
capture_policy:
  snapshot_schema: dependency-snapshot-v2
  capture_policy_sha256: sha256:0000000000000000000000000000000000000000000000000000000000000000
snapshot_set_id: sha256:4f53cda18c2baa0c0354bb5f9a3ecbe5ed12ab4d8e11ba873c2f11161202b945
snapshot_manifest_sha256: sha256:cb8989cfb9c9eedaea483e5a316a2848a2bf72ccf189832a2c60b144c5db5982
